
Microsoft Visual Studio Solution File, Format Version 12.00
Project("{FAE04EC0-301F-11D3-BF4B-00C04F79EFBC}") = "MultiThreading", "MultiThreading\MultiThreading.csproj", "{9C9F86BB-C75A-4372-B50D-D7B5E42D5BDA}"
EndProject
Global
	GlobalSection(SolutionConfigurationPlatforms) = preSolution
		Debug|Any CPU = Debug|Any CPU
		Release|Any CPU = Release|Any CPU
	EndGlobalSection
	GlobalSection(ProjectConfigurationPlatforms) = postSolution
		{9C9F86BB-C75A-4372-B50D-D7B5E42D5BDA}.Debug|Any CPU.ActiveCfg = Debug|Any CPU
		{9C9F86BB-C75A-4372-B50D-D7B5E42D5BDA}.Debug|Any CPU.Build.0 = Debug|Any CPU
		{9C9F86BB-C75A-4372-B50D-D7B5E42D5BDA}.Release|Any CPU.ActiveCfg = Release|Any CPU
		{9C9F86BB-C75A-4372-B50D-D7B5E42D5BDA}.Release|Any CPU.Build.0 = Release|Any CPU
	EndGlobalSection
EndGlobal
